{"1.1.0",
[{<<"amqp_client">>,
  {git,"https://github.com/rabbitmq/rabbitmq-erlang-client",
       {ref,"2c4781de44a486cdfa7485c57d3d25be6cf9d999"}},
  0},
 {<<"apns">>,
  {git,"https://github.com/inaka/apns4erl",
       {ref,"08a64e368088bd901eaa16c9466653128b35ef6e"}},
  0},
 {<<"bear">>,
  {git,"git://github.com/boundary/bear.git",
       {ref,"119234548783af19b8ec75c879c5062676b92571"}},
  3},
 {<<"certifi">>,{pkg,<<"certifi">>,<<"0.4.0">>},1},
 {<<"cowboy">>,
  {git,"https://github.com/ninenines/cowboy",
       {ref,"d08c2ab39d38c181abda279d5c2cadfac33a50c1"}},
  0},
 {<<"cowlib">>,
  {git,"https://github.com/ninenines/cowlib.git",
       {ref,"d544a494af4dbc810fc9c15eaf5cc050cced1501"}},
  1},
 {<<"edown">>,
  {git,"git://github.com/uwiger/edown.git",
       {ref,"b7c8eb0ac1859f8fce11cbfe3526f5ec83194776"}},
  3},
 {<<"eutil">>,
  {git,"https://github.com/dcy/eutil",
       {ref,"13f6ad5bfc52d089ad619050ea10444acde37cb4"}},
  0},
 {<<"exometer_core">>,
  {git,"https://github.com/Feuerlabs/exometer_core.git",
       {ref,"d7c4ddd066b5a56f7118bdb00dd7b22277340a35"}},
  1},
 {<<"eyunpian">>,
  {git,"https://github.com/dcy/eyunpian",
       {ref,"d32cc9fdc3f2ac1590c1bd5d2365361c36278486"}},
  0},
 {<<"fcm_push">>,
  {git,"https://github.com/dcy/fcm_push",
       {ref,"e73018f0d0eebd98ed24de5d642a8eb1642f4e44"}},
  0},
 {<<"flyme_push">>,
  {git,"https://github.com/dcy/flyme_push",
       {ref,"ec3217ae9d700a3d300a9f440826bbce4f2886a0"}},
  0},
 {<<"folsom">>,
  {git,"git://github.com/boundary/folsom",
       {ref,"38e2cce7c64ce1f0a3a918d90394cfc0a940b1ba"}},
  2},
 {<<"goldrush">>,
  {git,"git://github.com/DeadZen/goldrush.git",
       {ref,"212299233c7e7eb63a97be2777e1c05ebaa58dbe"}},
  1},
 {<<"gproc">>,
  {git,"https://github.com/uwiger/gproc",
       {ref,"1c6280c04f426473b4e0e15de559c8fc51de94d1"}},
  1},
 {<<"hackney">>,
  {git,"https://github.com/benoitc/hackney",
       {ref,"2e4c6e377d0ef913c24e8af783bed566c1251baa"}},
  0},
 {<<"huawei_push">>,
  {git,"https://github.com/dcy/huawei_push",
       {ref,"054f440d9b56f30a80cc11a69b9bf3263e8ea227"}},
  0},
 {<<"idna">>,{pkg,<<"idna">>,<<"1.2.0">>},1},
 {<<"jiffy">>,
  {git,"https://github.com/davisp/jiffy",
       {ref,"c7756dae9f98a86d0670d5be6539ac8202a1f86a"}},
  0},
 {<<"lager">>,
  {git,"https://github.com/basho/lager",
       {ref,"8187757388c9adc915379caaab36a2f2ca26e944"}},
  0},
 {<<"meck">>,
  {git,"git://github.com/eproxus/meck.git",
       {ref,"dde759050eff19a1a80fd854d7375174b191665d"}},
  2},
 {<<"metrics">>,{pkg,<<"metrics">>,<<"1.0.1">>},1},
 {<<"mimerl">>,{pkg,<<"mimerl">>,<<"1.0.2">>},1},
 {<<"parse_trans">>,
  {git,"git://github.com/uwiger/parse_trans.git",
       {ref,"a210adafdfbb904d156d8f22abd5fb58fc17de1e"}},
  2},
 {<<"quickrand">>,
  {git,"https://github.com/okeuday/quickrand.git",
       {ref,"559e5e3f28bb2bf51acbc38f1c47b12c10094117"}},
  2},
 {<<"rabbit_common">>,{pkg,<<"rabbit_common">>,<<"3.5.6">>},0},
 {<<"ranch">>,
  {git,"https://github.com/ninenines/ranch.git",
       {ref,"adf1822defc2b7cfdc7aca112adabfa1d614043c"}},
  1},
 {<<"setup">>,
  {git,"git://github.com/uwiger/setup.git",
       {ref,"85447ca5eb671db0517a475791ac7fb3604bf44d"}},
  2},
 {<<"ssl_verify_fun">>,{pkg,<<"ssl_verify_fun">>,<<"1.1.0">>},1},
 {<<"sync">>,
  {git,"https://github.com/rustyio/sync.git",
       {ref,"9c78e7b4fe28c75d18ad6971585a204b96e47db1"}},
  1},
 {<<"turtle">>,
  {git,"https://github.com/shopgun/turtle",
       {ref,"25238a5febf38afe13eb5c6880518d758b96568b"}},
  0},
 {<<"uuid">>,
  {git,"https://github.com/okeuday/uuid",
       {ref,"06eca0bd373e97f5d7eda4f8df0621d3903754ef"}},
  1},
 {<<"xiaomi_push">>,
  {git,"https://github.com/dcy/xiaomi_push",
       {ref,"ca55dd8a7026fc5c780bd876586b9ada70253e2d"}},
  0}]}.
[
{pkg_hash,[
 {<<"certifi">>, <<"A7966EFB868B179023618D29A407548F70C52466BF1849B9E8EBD0E34B7EA11F">>},
 {<<"idna">>, <<"AC62EE99DA068F43C50DC69ACF700E03A62A348360126260E87F2B54ECED86B2">>},
 {<<"metrics">>, <<"25F094DEA2CDA98213CECC3AEFF09E940299D950904393B2A29D191C346A8486">>},
 {<<"mimerl">>, <<"993F9B0E084083405ED8252B99460C4F0563E41729AB42D9074FD5E52439BE88">>},
 {<<"rabbit_common">>, <<"AD541BE86F08CDB1C04320EB4353AD30F25555569C95CC062AF28CF79B74D085">>},
 {<<"ssl_verify_fun">>, <<"EDEE20847C42E379BF91261DB474FFBE373F8ACB56E9079ACB6038D4E0BF414F">>}]}
].
