{"1.1.0",
[{<<"amqp_client">>,
  {git,"https://github.com/jbrisbin/amqp_client.git",
       {ref,"d50aec00b94f0766a048b4eceaf25ddfdeeb1d86"}},
  1},
 {<<"apns">>,
  {git,"https://github.com/dcy/apns4erl",
       {ref,"f8c73906f6034e4533ec84524c285b798dd6384e"}},
  0},
 {<<"base64url">>,{pkg,<<"base64url">>,<<"0.0.1">>},1},
 {<<"bear">>,
  {git,"git://github.com/boundary/bear.git",
       {ref,"119234548783af19b8ec75c879c5062676b92571"}},
  3},
 {<<"certifi">>,{pkg,<<"certifi">>,<<"0.7.0">>},1},
 {<<"cowboy">>,
  {git,"https://github.com/ninenines/cowboy",
       {ref,"b403f26da6bef8ff41855fa499c75f42b02ecb69"}},
  0},
 {<<"cowlib">>,
  {git,"https://github.com/ninenines/cowlib",
       {ref,"a636afd8ccb8258fbf24f7ae1d44d174b66cc95b"}},
  1},
 {<<"edown">>,
  {git,"git://github.com/uwiger/edown.git",
       {ref,"b7c8eb0ac1859f8fce11cbfe3526f5ec83194776"}},
  3},
 {<<"eqsms">>,
  {git,"https://github.com/dcy/eqsms",
       {ref,"6cffa21edbe3d70ab2b69b1b8e6c55b55f425e4e"}},
  0},
 {<<"eutil">>,
  {git,"https://github.com/dcy/eutil",
       {ref,"0b77f83d543eab37ab550316c4809403c691b91f"}},
  0},
 {<<"exometer_core">>,
  {git,"https://github.com/Feuerlabs/exometer_core.git",
       {ref,"d7c4ddd066b5a56f7118bdb00dd7b22277340a35"}},
  1},
 {<<"eyunpian">>,
  {git,"https://github.com/dcy/eyunpian",
       {ref,"b7674f7d747b5fa1690e3819c62fdaf1766672be"}},
  0},
 {<<"fcm_push">>,
  {git,"https://github.com/dcy/fcm_push",
       {ref,"966b9262e3348839e87b2a9b19c0ffbf0e994aec"}},
  0},
 {<<"flyme_push">>,
  {git,"https://github.com/dcy/flyme_push",
       {ref,"e1adecce46bf07546b62a90b9b9038539e5892eb"}},
  0},
 {<<"folsom">>,
  {git,"git://github.com/boundary/folsom",
       {ref,"38e2cce7c64ce1f0a3a918d90394cfc0a940b1ba"}},
  2},
 {<<"gen_leader">>,
  {git,"https://github.com/garret-smith/gen_leader_revival.git",
       {ref,"d9689e6e80cd8a437bc207d37cb53290ecd64b35"}},
  2},
 {<<"gen_smtp">>,
  {git,"https://github.com/Vagabond/gen_smtp",
       {ref,"2ea8bb995adf32102f523cef93ae98e287ac77d1"}},
  0},
 {<<"goldrush">>,
  {git,"https://github.com/basho/goldrush.git",
       {ref,"8f1b715d36b650ec1e1f5612c00e28af6ab0de82"}},
  2},
 {<<"gproc">>,
  {git,"https://github.com/uwiger/gproc",
       {ref,"304cd10cbdec0770a268d4cc17f3f2fffad52706"}},
  1},
 {<<"gun">>,
  {git,"https://github.com/ninenines/gun.git",
       {ref,"bc733a2ca5f7d07f997ad6edf184f775b23434aa"}},
  1},
 {<<"hackney">>,
  {git,"https://github.com/benoitc/hackney",
       {ref,"f69567eb28d6cbf2fdf820100055fca5e6c66938"}},
  0},
 {<<"hms_push">>,
  {git,"https://github.com/dcy/hms_push",
       {ref,"d0a61652aea93009fe05866e1bf2c02b145dd2b2"}},
  0},
 {<<"huawei_push">>,
  {git,"https://github.com/dcy/huawei_push",
       {ref,"38efe24b41205e8bac8f03310ac1fa07c9882d2c"}},
  0},
 {<<"idna">>,{pkg,<<"idna">>,<<"1.2.0">>},1},
 {<<"jiffy">>,
  {git,"https://github.com/davisp/jiffy",
       {ref,"c7756dae9f98a86d0670d5be6539ac8202a1f86a"}},
  1},
 {<<"jsone">>,
  {git,"https://github.com/sile/jsone",
       {ref,"e533179d651cc356556bbe5e4b7caddb0919d593"}},
  1},
 {<<"jsx">>,{pkg,<<"jsx">>,<<"2.8.1">>},1},
 {<<"lager">>,
  {git,"https://github.com/erlang-lager/lager",
       {ref,"5adfa56a760e5025d7e2a57f982c819e967aaa6c"}},
  1},
 {<<"meck">>,
  {git,"git://github.com/eproxus/meck.git",
       {ref,"dde759050eff19a1a80fd854d7375174b191665d"}},
  2},
 {<<"metrics">>,{pkg,<<"metrics">>,<<"1.0.1">>},1},
 {<<"mimerl">>,{pkg,<<"mimerl">>,<<"1.0.2">>},1},
 {<<"parse_trans">>,
  {git,"git://github.com/uwiger/parse_trans.git",
       {ref,"a210adafdfbb904d156d8f22abd5fb58fc17de1e"}},
  2},
 {<<"quickrand">>,
  {git,"https://github.com/okeuday/quickrand.git",
       {ref,"178c3340ae3f666bfa1fe0472a68e44dca552b1a"}},
  2},
 {<<"rabbit_common">>,
  {git,"https://github.com/jbrisbin/rabbit_common.git",
       {ref,"80814606ae23cc820c74e443383e192cd69ec030"}},
  1},
 {<<"ranch">>,
  {git,"https://github.com/ninenines/ranch",
       {ref,"40809cd2b257a8a53bcb5588ecaa88cc5381ff5c"}},
  1},
 {<<"setup">>,
  {git,"git://github.com/uwiger/setup.git",
       {ref,"85447ca5eb671db0517a475791ac7fb3604bf44d"}},
  2},
 {<<"ssl_verify_fun">>,{pkg,<<"ssl_verify_fun">>,<<"1.1.1">>},1},
 {<<"turtle">>,
  {git,"https://github.com/shopgun/turtle",
       {ref,"97723f72973d704821cb9a375397f6ce99440ff7"}},
  0},
 {<<"uuid">>,
  {git,"https://github.com/okeuday/uuid",
       {ref,"15bd7676d29bec7bd967a2cab931006a4c968040"}},
  1},
 {<<"xiaomi_push">>,
  {git,"https://github.com/dcy/xiaomi_push",
       {ref,"2d2fd1061f3e575fcc0efee02baa2f30e326c63c"}},
  0}]}.
[
{pkg_hash,[
 {<<"base64url">>, <<"36A90125F5948E3AFD7BE97662A1504B934DD5DAC78451CA6E9ABF85A10286BE">>},
 {<<"certifi">>, <<"861A57F3808F7EB0C2D1802AFEAAE0FA5DE813B0DF0979153CBAFCD853ABABAF">>},
 {<<"idna">>, <<"AC62EE99DA068F43C50DC69ACF700E03A62A348360126260E87F2B54ECED86B2">>},
 {<<"jsx">>, <<"1453B4EB3615ACB3E2CD0A105D27E6761E2ED2E501AC0B390F5BBEC497669846">>},
 {<<"metrics">>, <<"25F094DEA2CDA98213CECC3AEFF09E940299D950904393B2A29D191C346A8486">>},
 {<<"mimerl">>, <<"993F9B0E084083405ED8252B99460C4F0563E41729AB42D9074FD5E52439BE88">>},
 {<<"ssl_verify_fun">>, <<"28A4D65B7F59893BC2C7DE786DEC1E1555BD742D336043FE644AE956C3497FBE">>}]}
].
